
Microsoft Visual Studio Solution File, Format Version 12.00
# Visual Studio Version 17
VisualStudioVersion = 17.14.36408.4 d17.14
MinimumVisualStudioVersion = 10.0.40219.1
Project("{FAE04EC0-301F-11D3-BF4B-00C04F79EFBC}") = "SalesSystem", "SalesSystem.csproj", "{1D026D93-D365-4D8F-855B-F035212FDF89}"
EndProject
Global
	GlobalSection(SolutionConfigurationPlatforms) = preSolution
		Debug|Any CPU = Debug|Any CPU
		Release|Any CPU = Release|Any CPU
	EndGlobalSection
	GlobalSection(ProjectConfigurationPlatforms) = postSolution
		{1D026D93-D365-4D8F-855B-F035212FDF89}.Debug|Any CPU.ActiveCfg = Debug|Any CPU
		{1D026D93-D365-4D8F-855B-F035212FDF89}.Debug|Any CPU.Build.0 = Debug|Any CPU
		{1D026D93-D365-4D8F-855B-F035212FDF89}.Release|Any CPU.ActiveCfg = Release|Any CPU
		{1D026D93-D365-4D8F-855B-F035212FDF89}.Release|Any CPU.Build.0 = Release|Any CPU
	EndGlobalSection
	GlobalSection(SolutionProperties) = preSolution
		HideSolutionNode = FALSE
	EndGlobalSection
	GlobalSection(ExtensibilityGlobals) = postSolution
		SolutionGuid = {7B2238A9-FC6B-4D23-89EA-8CA1B2322D15}
	EndGlobalSection
EndGlobal
